PODS:
  - detection (1.2.0):
    - TensorFlowLiteObjC
    - TensorFlowLiteObjC/CoreML
    - TensorFlowLiteObjC/Metal
  - TensorFlowLiteC (2.17.0):
    - TensorFlowLiteC/Core (= 2.17.0)
  - TensorFlowLiteC/Core (2.17.0)
  - TensorFlowLiteC/CoreML (2.17.0):
    - TensorFlowLiteC/Core
  - TensorFlowLiteC/Metal (2.17.0):
    - TensorFlowLiteC/Core
  - TensorFlowLiteObjC (2.17.0):
    - TensorFlowLiteObjC/Core (= 2.17.0)
  - TensorFlowLiteObjC/Core (2.17.0):
    - TensorFlowLiteC (= 2.17.0)
    - TensorFlowLiteObjC/Privacy (= 2.17.0)
  - TensorFlowLiteObjC/CoreML (2.17.0):
    - TensorFlowLiteC/CoreML (= 2.17.0)
    - TensorFlowLiteObjC/Core (= 2.17.0)
    - TensorFlowLiteObjC/Privacy (= 2.17.0)
  - TensorFlowLiteObjC/Metal (2.17.0):
    - TensorFlowLiteC/Metal (= 2.17.0)
    - TensorFlowLiteObjC/Core (= 2.17.0)
    - TensorFlowLiteObjC/Privacy (= 2.17.0)
  - TensorFlowLiteObjC/Privacy (2.17.0)

DEPENDENCIES:
  - detection (from `../feature/detection`)

SPEC REPOS:
  trunk:
    - TensorFlowLiteC
    - TensorFlowLiteObjC

EXTERNAL SOURCES:
  detection:
    :path: "../feature/detection"

SPEC CHECKSUMS:
  detection: 8cfd95f399082225885a52ab9cf2627788f29252
  TensorFlowLiteC: eac6d689a8d391d1b202dc59e3d9165ba64aaf73
  TensorFlowLiteObjC: 72e1fa903465cd6a8d3d614c1474c5aad7635bb7

PODFILE CHECKSUM: e12e97e0067762e8a8a7675cc12bf363996a0e7c

COCOAPODS: 1.16.2
